
Microsoft Visual Studio Solution File, Format Version 12.00
# Visual Studio 15
VisualStudioVersion = 15.0.27004.2009
MinimumVisualStudioVersion = 10.0.40219.1
Project("{8BC9CEB8-8B4A-11D0-8D11-00A0C91BC942}") = "ConsoleApplication6", "ConsoleApplication6\ConsoleApplication6.vcxproj", "{45D6F616-29EA-446D-956E-069E1716CF00}"
EndProject
Global
	GlobalSection(SolutionConfigurationPlatforms) = preSolution
		Debug|x64 = Debug|x64
		Debug|x86 = Debug|x86
		Release|x64 = Release|x64
		Release|x86 = Release|x86
	EndGlobalSection
	GlobalSection(ProjectConfigurationPlatforms) = postSolution
		{45D6F616-29EA-446D-956E-069E1716CF00}.Debug|x64.ActiveCfg = Debug|x64
		{45D6F616-29EA-446D-956E-069E1716CF00}.Debug|x64.Build.0 = Debug|x64
		{45D6F616-29EA-446D-956E-069E1716CF00}.Debug|x86.ActiveCfg = Debug|Win32
		{45D6F616-29EA-446D-956E-069E1716CF00}.Debug|x86.Build.0 = Debug|Win32
		{45D6F616-29EA-446D-956E-069E1716CF00}.Release|x64.ActiveCfg = Release|x64
		{45D6F616-29EA-446D-956E-069E1716CF00}.Release|x64.Build.0 = Release|x64
		{45D6F616-29EA-446D-956E-069E1716CF00}.Release|x86.ActiveCfg = Release|Win32
		{45D6F616-29EA-446D-956E-069E1716CF00}.Release|x86.Build.0 = Release|Win32
	EndGlobalSection
	GlobalSection(SolutionProperties) = preSolution
		HideSolutionNode = FALSE
	EndGlobalSection
	GlobalSection(ExtensibilityGlobals) = postSolution
		SolutionGuid = {77DEDD57-17A8-4453-9605-D4114584B31B}
	EndGlobalSection
EndGlobal
